
Microsoft Visual Studio Solution File, Format Version 12.00
# Visual Studio Version 17
VisualStudioVersion = 17.6.33815.320
MinimumVisualStudioVersion = 10.0.40219.1
Project("{FAE04EC0-301F-11D3-BF4B-00C04F79EFBC}") = "WindowsFormsApp2", "WindowsFormsApp2.csproj", "{00F28173-B2C1-4097-8CD6-ABF00AF47DC7}"
EndProject
Global
	GlobalSection(SolutionConfigurationPlatforms) = preSolution
		Debug|Any CPU = Debug|Any CPU
		Release|Any CPU = Release|Any CPU
	EndGlobalSection
	GlobalSection(ProjectConfigurationPlatforms) = postSolution
		{00F28173-B2C1-4097-8CD6-ABF00AF47DC7}.Debug|Any CPU.ActiveCfg = Debug|Any CPU
		{00F28173-B2C1-4097-8CD6-ABF00AF47DC7}.Debug|Any CPU.Build.0 = Debug|Any CPU
		{00F28173-B2C1-4097-8CD6-ABF00AF47DC7}.Release|Any CPU.ActiveCfg = Release|Any CPU
		{00F28173-B2C1-4097-8CD6-ABF00AF47DC7}.Release|Any CPU.Build.0 = Release|Any CPU
	EndGlobalSection
	GlobalSection(SolutionProperties) = preSolution
		HideSolutionNode = FALSE
	EndGlobalSection
	GlobalSection(ExtensibilityGlobals) = postSolution
		SolutionGuid = {BB9CE3F1-B161-4E0A-9BD6-51011C49C6BA}
	EndGlobalSection
EndGlobal
